PODS:
  - Agrume (3.2.1)
  - Alamofire (4.4.0)
  - Cache (2.3.0):
    - CryptoSwift
  - CryptoSwift (0.6.9)
  - ESPullToRefresh (2.6)
  - HBKit (0.6.54)
  - JCAlertController (2.1.5)
  - Kingfisher (3.10.1)
  - NSObjectBlockSEL (0.0.1)
  - SnapKit (3.2.0)
  - SVProgressHUD (2.1.2)
  - SwiftyJSON (3.1.4)
  - WebViewJavascriptBridge (6.0.2)
  - YYText (1.0.7)

DEPENDENCIES:
  - Agrume (from `https://github.com/JanGorman/Agrume.git`)
  - Alamofire
  - Cache (~> 2.3.0)
  - ESPullToRefresh
  - HBKit (from `https://github.com/Natoto/HBFastTableViewCotroller.git`)
  - JCAlertController
  - Kingfisher
  - NSObjectBlockSEL (from `https://github.com/Natoto/HBLocalPod`)
  - SnapKit (~> 3.2.0)
  - SVProgressHUD
  - SwiftyJSON
  - WebViewJavascriptBridge
  - YYText

EXTERNAL SOURCES:
  Agrume:
    :git: https://github.com/JanGorman/Agrume.git
  HBKit:
    :git: https://github.com/Natoto/HBFastTableViewCotroller.git
  NSObjectBlockSEL:
    :git: https://github.com/Natoto/HBLocalPod

CHECKOUT OPTIONS:
  Agrume:
    :commit: 50ce3665bb7ae946dbed32d3e86306dd32a65b32
    :git: https://github.com/JanGorman/Agrume.git
  HBKit:
    :commit: ce619dea487d6fcf5a44ae0a346c175c4023a185
    :git: https://github.com/Natoto/HBFastTableViewCotroller.git
  NSObjectBlockSEL:
    :commit: 7b7307daf5a35a17efce93f424e2e4e8a7c890d5
    :git: https://github.com/Natoto/HBLocalPod

SPEC CHECKSUMS:
  Agrume: abf26210c3371bc6c74bbf2ced7a19d937bf8f0a
  Alamofire: dc44b1600b800eb63da6a19039a0083d62a6a62d
  Cache: 077e4e799c394ccffc18bb3240f5b55cb9b3cc1b
  CryptoSwift: a22f6ba238e9ce4d26ee7bf45b9ed82e7122d4a0
  ESPullToRefresh: 85f4990acf87f78c6a1466bbbee7a75d7de24db9
  HBKit: 7952093e745c19a35731b97cfa967c4eff30f385
  JCAlertController: acc849a3853ffd94dd57b1d15ade9032519d1edc
  Kingfisher: 33a1b82140fcb14a9fc13f78dfde2a03ff8de8cb
  NSObjectBlockSEL: aa876bdc0e9a537a096b7ce044ded46f81234a31
  SnapKit: 1ca44df72cfa543218d177cb8aab029d10d86ea7
  SVProgressHUD: c404a55d78acbeb7ebb78b76d3faf986475a6994
  SwiftyJSON: c2842d878f95482ffceec5709abc3d05680c0220
  WebViewJavascriptBridge: 791ee0e26d1bf15efe5fb7fb9666a71a19b89d77
  YYText: 5c461d709e24d55a182d1441c41dc639a18a4849

PODFILE CHECKSUM: 672322f06532a851e6515c4e389790a5b6be116a

COCOAPODS: 1.1.1
